<?xml version="1.0" encoding="utf-8"?>
<Project ToolsVersion="4.0" xmlns="http://schemas.microsoft.com/developer/msbuild/2003">
  <ItemGroup>
    <Filter Include="Worm">
      <UniqueIdentifier>{CAAB8E7C-B6E2-8F0D-5FCF-75104BE50B0F}</UniqueIdentifier>
    </Filter>
    <Filter Include="Worm\Core">
      <UniqueIdentifier>{62BE1C42-CE28-D1B8-1767-825E8310AF0D}</UniqueIdentifier>
    </Filter>
    <Filter Include="Worm\Core\Layers">
      <UniqueIdentifier>{E1122772-CD0B-46C4-F63D-2B49E29525D0}</UniqueIdentifier>
    </Filter>
    <Filter Include="Worm\DataStructures">
      <UniqueIdentifier>{37F9830C-A35A-611A-2CC8-A7CC982898D9}</UniqueIdentifier>
    </Filter>
    <Filter Include="Worm\Events">
      <UniqueIdentifier>{6EF06741-DAA5-E036-639A-DA0DCF4ED73A}</UniqueIdentifier>
    </Filter>
    <Filter Include="Worm\Platform">
      <UniqueIdentifier>{5ECB4357-CA8B-BF8D-93C6-080BFF45046A}</UniqueIdentifier>
    </Filter>
    <Filter Include="Worm\Platform\OS">
      <UniqueIdentifier>{0F49E823-FB41-0776-2474-ECFA10CCE681}</UniqueIdentifier>
    </Filter>
    <Filter Include="Worm\Platform\OS\Windows">
      <UniqueIdentifier>{49927961-35B7-C8E1-5E02-AE714A86C7FF}</UniqueIdentifier>
    </Filter>
    <Filter Include="Worm\Platform\RenderingApi">
      <UniqueIdentifier>{A559E110-9169-8DE1-FA22-F2FFE6517C7A}</UniqueIdentifier>
    </Filter>
    <Filter Include="Worm\Platform\RenderingApi\OpenGL">
      <UniqueIdentifier>{39178E35-A585-E3B4-EE6E-9EB45A1CD950}</UniqueIdentifier>
    </Filter>
    <Filter Include="Worm\Platform\RenderingApi\Vulkan">
      <UniqueIdentifier>{857B4046-F1E9-95C5-3AD3-50C5A6808B61}</UniqueIdentifier>
    </Filter>
    <Filter Include="Worm\Rendering">
      <UniqueIdentifier>{97393B76-8307-2F7C-6C9B-9FA258080BE1}</UniqueIdentifier>
    </Filter>
  </ItemGroup>
  <ItemGroup>
    <ClInclude Include="src\Worm.h" />
    <ClInclude Include="src\Worm\Core\Application.h">
      <Filter>Worm\Core</Filter>
    </ClInclude>
    <ClInclude Include="src\Worm\Core\ApplicationLayer.h">
      <Filter>Worm\Core</Filter>
    </ClInclude>
    <ClInclude Include="src\Worm\Core\ApplicationLayerStack.h">
      <Filter>Worm\Core</Filter>
    </ClInclude>
    <ClInclude Include="src\Worm\Core\Core.h">
      <Filter>Worm\Core</Filter>
    </ClInclude>
    <ClInclude Include="src\Worm\Core\EntryPoint.h">
      <Filter>Worm\Core</Filter>
    </ClInclude>
    <ClInclude Include="src\Worm\Core\Input.h">
      <Filter>Worm\Core</Filter>
    </ClInclude>
    <ClInclude Include="src\Worm\Core\Layers\ImGuiLayer.h">
      <Filter>Worm\Core\Layers</Filter>
    </ClInclude>
    <ClInclude Include="src\Worm\Core\Log.h">
      <Filter>Worm\Core</Filter>
    </ClInclude>
    <ClInclude Include="src\Worm\Core\Window.h">
      <Filter>Worm\Core</Filter>
    </ClInclude>
    <ClInclude Include="src\Worm\DataStructures\QueueMT.h">
      <Filter>Worm\DataStructures</Filter>
    </ClInclude>
    <ClInclude Include="src\Worm\Events\ApplicationEvents.h">
      <Filter>Worm\Events</Filter>
    </ClInclude>
    <ClInclude Include="src\Worm\Events\Codes.h">
      <Filter>Worm\Events</Filter>
    </ClInclude>
    <ClInclude Include="src\Worm\Events\Event.h">
      <Filter>Worm\Events</Filter>
    </ClInclude>
    <ClInclude Include="src\Worm\Events\EventThread.h">
      <Filter>Worm\Events</Filter>
    </ClInclude>
    <ClInclude Include="src\Worm\Events\KeyEvents.h">
      <Filter>Worm\Events</Filter>
    </ClInclude>
    <ClInclude Include="src\Worm\Events\MouseEvents.h">
      <Filter>Worm\Events</Filter>
    </ClInclude>
    <ClInclude Include="src\Worm\Events\WindowEvents.h">
      <Filter>Worm\Events</Filter>
    </ClInclude>
    <ClInclude Include="src\Worm\Platform\OS\Windows\WindowsInput.h">
      <Filter>Worm\Platform\OS\Windows</Filter>
    </ClInclude>
    <ClInclude Include="src\Worm\Platform\OS\Windows\WindowsWindow.h">
      <Filter>Worm\Platform\OS\Windows</Filter>
    </ClInclude>
    <ClInclude Include="src\Worm\Platform\RenderingApi\OpenGL\OpenGLBuffers.h">
      <Filter>Worm\Platform\RenderingApi\OpenGL</Filter>
    </ClInclude>
    <ClInclude Include="src\Worm\Platform\RenderingApi\OpenGL\OpenGLRenderingAPI.h">
      <Filter>Worm\Platform\RenderingApi\OpenGL</Filter>
    </ClInclude>
    <ClInclude Include="src\Worm\Platform\RenderingApi\OpenGL\OpenGLShader.h">
      <Filter>Worm\Platform\RenderingApi\OpenGL</Filter>
    </ClInclude>
    <ClInclude Include="src\Worm\Platform\RenderingApi\OpenGL\OpenGLVertexArray.h">
      <Filter>Worm\Platform\RenderingApi\OpenGL</Filter>
    </ClInclude>
    <ClInclude Include="src\Worm\Platform\RenderingApi\Vulkan\VulkanRenderingAPI.h">
      <Filter>Worm\Platform\RenderingApi\Vulkan</Filter>
    </ClInclude>
    <ClInclude Include="src\Worm\Rendering\Buffers.h">
      <Filter>Worm\Rendering</Filter>
    </ClInclude>
    <ClInclude Include="src\Worm\Rendering\OrthographicCamera.h">
      <Filter>Worm\Rendering</Filter>
    </ClInclude>
    <ClInclude Include="src\Worm\Rendering\RenderCommand.h">
      <Filter>Worm\Rendering</Filter>
    </ClInclude>
    <ClInclude Include="src\Worm\Rendering\Renderer.h">
      <Filter>Worm\Rendering</Filter>
    </ClInclude>
    <ClInclude Include="src\Worm\Rendering\RenderingAPI.h">
      <Filter>Worm\Rendering</Filter>
    </ClInclude>
    <ClInclude Include="src\Worm\Rendering\RenderingAPIController.h">
      <Filter>Worm\Rendering</Filter>
    </ClInclude>
    <ClInclude Include="src\Worm\Rendering\Shader.h">
      <Filter>Worm\Rendering</Filter>
    </ClInclude>
    <ClInclude Include="src\Worm\Rendering\ShaderController.h">
      <Filter>Worm\Rendering</Filter>
    </ClInclude>
    <ClInclude Include="src\Worm\Rendering\ShaderTypes.h">
      <Filter>Worm\Rendering</Filter>
    </ClInclude>
    <ClInclude Include="src\Worm\Rendering\UniformTable.h">
      <Filter>Worm\Rendering</Filter>
    </ClInclude>
    <ClInclude Include="src\Worm\Rendering\Utilities.h">
      <Filter>Worm\Rendering</Filter>
    </ClInclude>
    <ClInclude Include="src\Worm\Rendering\VertexArray.h">
      <Filter>Worm\Rendering</Filter>
    </ClInclude>
    <ClInclude Include="src\wormpch.h" />
    <ClInclude Include="src\Worm\Rendering\Framebuffer.h" />
    <ClInclude Include="src\Worm\Rendering\Renderbuffer.h" />
    <ClInclude Include="src\Worm\Rendering\Texture.h" />
    <ClInclude Include="src\Worm\Rendering\UniformBuffer.h" />
    <ClInclude Include="src\Worm\Platform\RenderingApi\OpenGL\OpenGLUniformBuffer.h" />
  </ItemGroup>
  <ItemGroup>
    <ClCompile Include="src\Worm\Core\Application.cpp">
      <Filter>Worm\Core</Filter>
    </ClCompile>
    <ClCompile Include="src\Worm\Core\Layers\ImGuiBuild.cpp">
      <Filter>Worm\Core\Layers</Filter>
    </ClCompile>
    <ClCompile Include="src\Worm\Core\Layers\ImGuiLayer.cpp">
      <Filter>Worm\Core\Layers</Filter>
    </ClCompile>
    <ClCompile Include="src\Worm\Core\Log.cpp">
      <Filter>Worm\Core</Filter>
    </ClCompile>
    <ClCompile Include="src\Worm\Core\Window.cpp">
      <Filter>Worm\Core</Filter>
    </ClCompile>
    <ClCompile Include="src\Worm\DataStructures\QueueMT.cpp">
      <Filter>Worm\DataStructures</Filter>
    </ClCompile>
    <ClCompile Include="src\Worm\Events\Event.cpp">
      <Filter>Worm\Events</Filter>
    </ClCompile>
    <ClCompile Include="src\Worm\Platform\OS\Windows\WindowsInput.cpp">
      <Filter>Worm\Platform\OS\Windows</Filter>
    </ClCompile>
    <ClCompile Include="src\Worm\Platform\OS\Windows\WindowsWindow.cpp">
      <Filter>Worm\Platform\OS\Windows</Filter>
    </ClCompile>
    <ClCompile Include="src\Worm\Platform\RenderingApi\OpenGL\OpenGLBuffers.cpp">
      <Filter>Worm\Platform\RenderingApi\OpenGL</Filter>
    </ClCompile>
    <ClCompile Include="src\Worm\Platform\RenderingApi\OpenGL\OpenGLRenderingAPI.cpp">
      <Filter>Worm\Platform\RenderingApi\OpenGL</Filter>
    </ClCompile>
    <ClCompile Include="src\Worm\Platform\RenderingApi\OpenGL\OpenGLShader.cpp">
      <Filter>Worm\Platform\RenderingApi\OpenGL</Filter>
    </ClCompile>
    <ClCompile Include="src\Worm\Platform\RenderingApi\OpenGL\OpenGLVertexArray.cpp">
      <Filter>Worm\Platform\RenderingApi\OpenGL</Filter>
    </ClCompile>
    <ClCompile Include="src\Worm\Platform\RenderingApi\Vulkan\VulkanRenderingAPI.cpp">
      <Filter>Worm\Platform\RenderingApi\Vulkan</Filter>
    </ClCompile>
    <ClCompile Include="src\Worm\Rendering\RenderCommand.cpp">
      <Filter>Worm\Rendering</Filter>
    </ClCompile>
    <ClCompile Include="src\Worm\Rendering\Renderer.cpp">
      <Filter>Worm\Rendering</Filter>
    </ClCompile>
    <ClCompile Include="src\Worm\Rendering\RenderingAPIController.cpp">
      <Filter>Worm\Rendering</Filter>
    </ClCompile>
    <ClCompile Include="src\wormpch.cpp" />
    <ClCompile Include="src\Worm\Platform\RenderingApi\OpenGL\OpenGLUniformBuffer.cpp" />
  </ItemGroup>
</Project>