<?xml version="1.0" encoding="utf-8"?>
<Project ToolsVersion="4.0" xmlns="http://schemas.microsoft.com/developer/msbuild/2003">
  <ItemGroup>
    <Filter Include="src">
      <UniqueIdentifier>{2DAB880B-99B4-887C-2230-9F7C8E38947C}</UniqueIdentifier>
    </Filter>
    <Filter Include="src\Worm">
      <UniqueIdentifier>{41CB27CF-2D98-82DA-56B1-708242DDB768}</UniqueIdentifier>
    </Filter>
    <Filter Include="src\Worm\Core">
      <UniqueIdentifier>{3920D781-A5E0-52B8-6E1B-9C35DA9A9794}</UniqueIdentifier>
    </Filter>
    <Filter Include="src\Worm\Core\Layers">
      <UniqueIdentifier>{D81C94D9-C4AB-1DA3-6DCA-319E59382E49}</UniqueIdentifier>
    </Filter>
    <Filter Include="src\Worm\DataStructures">
      <UniqueIdentifier>{CED347DE-3A0B-9075-4315-F498AFCBB66E}</UniqueIdentifier>
    </Filter>
    <Filter Include="src\Worm\Events">
      <UniqueIdentifier>{05244259-71AF-AF1D-7AC0-3212E6CA0B1E}</UniqueIdentifier>
    </Filter>
    <Filter Include="src\Worm\Platform">
      <UniqueIdentifier>{B54079CE-2157-7764-6ACE-0286D62348EC}</UniqueIdentifier>
    </Filter>
    <Filter Include="src\Worm\Platform\OS">
      <UniqueIdentifier>{0653558B-F2E1-DE54-9B00-F34F876EEFFA}</UniqueIdentifier>
    </Filter>
    <Filter Include="src\Worm\Platform\OS\Windows">
      <UniqueIdentifier>{40A3F0A9-2C5E-E055-D515-59A0C1AF2AE6}</UniqueIdentifier>
    </Filter>
    <Filter Include="src\Worm\Platform\RenderingApi">
      <UniqueIdentifier>{5C846053-48AA-2ABA-31F0-AF851DB54F86}</UniqueIdentifier>
    </Filter>
    <Filter Include="src\Worm\Platform\RenderingApi\OpenGL">
      <UniqueIdentifier>{102E2983-7CF2-2773-4558-583DB1DBC3A8}</UniqueIdentifier>
    </Filter>
    <Filter Include="src\Worm\Platform\RenderingApi\Vulkan">
      <UniqueIdentifier>{5C92DB93-C856-DA83-91BC-0A4EFD3F76B9}</UniqueIdentifier>
    </Filter>
    <Filter Include="src\Worm\Rendering">
      <UniqueIdentifier>{CE591FD4-BA3D-E029-239E-DA7C0FA1CAAB}</UniqueIdentifier>
    </Filter>
    <Filter Include="vendor">
      <UniqueIdentifier>{B3738122-9F15-ACF8-88D0-BF4C74113349}</UniqueIdentifier>
    </Filter>
    <Filter Include="vendor\stb_image">
      <UniqueIdentifier>{0DA0BA59-F998-D9AB-22CB-BE300E23B9B7}</UniqueIdentifier>
    </Filter>
  </ItemGroup>
  <ItemGroup>
    <ClInclude Include="src\Worm.h">
      <Filter>src</Filter>
    </ClInclude>
    <ClInclude Include="src\Worm\Core\Application.h">
      <Filter>src\Worm\Core</Filter>
    </ClInclude>
    <ClInclude Include="src\Worm\Core\ApplicationLayer.h">
      <Filter>src\Worm\Core</Filter>
    </ClInclude>
    <ClInclude Include="src\Worm\Core\ApplicationLayerStack.h">
      <Filter>src\Worm\Core</Filter>
    </ClInclude>
    <ClInclude Include="src\Worm\Core\Core.h">
      <Filter>src\Worm\Core</Filter>
    </ClInclude>
    <ClInclude Include="src\Worm\Core\EntryPoint.h">
      <Filter>src\Worm\Core</Filter>
    </ClInclude>
    <ClInclude Include="src\Worm\Core\Input.h">
      <Filter>src\Worm\Core</Filter>
    </ClInclude>
    <ClInclude Include="src\Worm\Core\Layers\ImGuiLayer.h">
      <Filter>src\Worm\Core\Layers</Filter>
    </ClInclude>
    <ClInclude Include="src\Worm\Core\Log.h">
      <Filter>src\Worm\Core</Filter>
    </ClInclude>
    <ClInclude Include="src\Worm\Core\Window.h">
      <Filter>src\Worm\Core</Filter>
    </ClInclude>
    <ClInclude Include="src\Worm\DataStructures\QueueMT.h">
      <Filter>src\Worm\DataStructures</Filter>
    </ClInclude>
    <ClInclude Include="src\Worm\Events\ApplicationEvents.h">
      <Filter>src\Worm\Events</Filter>
    </ClInclude>
    <ClInclude Include="src\Worm\Events\Codes.h">
      <Filter>src\Worm\Events</Filter>
    </ClInclude>
    <ClInclude Include="src\Worm\Events\Event.h">
      <Filter>src\Worm\Events</Filter>
    </ClInclude>
    <ClInclude Include="src\Worm\Events\EventThread.h">
      <Filter>src\Worm\Events</Filter>
    </ClInclude>
    <ClInclude Include="src\Worm\Events\KeyEvents.h">
      <Filter>src\Worm\Events</Filter>
    </ClInclude>
    <ClInclude Include="src\Worm\Events\MouseEvents.h">
      <Filter>src\Worm\Events</Filter>
    </ClInclude>
    <ClInclude Include="src\Worm\Events\WindowEvents.h">
      <Filter>src\Worm\Events</Filter>
    </ClInclude>
    <ClInclude Include="src\Worm\Platform\OS\Windows\WindowsInput.h">
      <Filter>src\Worm\Platform\OS\Windows</Filter>
    </ClInclude>
    <ClInclude Include="src\Worm\Platform\OS\Windows\WindowsWindow.h">
      <Filter>src\Worm\Platform\OS\Windows</Filter>
    </ClInclude>
    <ClInclude Include="src\Worm\Platform\RenderingApi\OpenGL\OpenGLBuffers.h">
      <Filter>src\Worm\Platform\RenderingApi\OpenGL</Filter>
    </ClInclude>
    <ClInclude Include="src\Worm\Platform\RenderingApi\OpenGL\OpenGLRenderingAPI.h">
      <Filter>src\Worm\Platform\RenderingApi\OpenGL</Filter>
    </ClInclude>
    <ClInclude Include="src\Worm\Platform\RenderingApi\OpenGL\OpenGLRenderingContext.h">
      <Filter>src\Worm\Platform\RenderingApi\OpenGL</Filter>
    </ClInclude>
    <ClInclude Include="src\Worm\Platform\RenderingApi\OpenGL\OpenGLShader.h">
      <Filter>src\Worm\Platform\RenderingApi\OpenGL</Filter>
    </ClInclude>
    <ClInclude Include="src\Worm\Platform\RenderingApi\OpenGL\OpenGLTexture.h">
      <Filter>src\Worm\Platform\RenderingApi\OpenGL</Filter>
    </ClInclude>
    <ClInclude Include="src\Worm\Platform\RenderingApi\OpenGL\OpenGLUniformBuffer.h">
      <Filter>src\Worm\Platform\RenderingApi\OpenGL</Filter>
    </ClInclude>
    <ClInclude Include="src\Worm\Platform\RenderingApi\OpenGL\OpenGLVertexArray.h">
      <Filter>src\Worm\Platform\RenderingApi\OpenGL</Filter>
    </ClInclude>
    <ClInclude Include="src\Worm\Platform\RenderingApi\Vulkan\VulkanRenderingAPI.h">
      <Filter>src\Worm\Platform\RenderingApi\Vulkan</Filter>
    </ClInclude>
    <ClInclude Include="src\Worm\Rendering\Buffers.h">
      <Filter>src\Worm\Rendering</Filter>
    </ClInclude>
    <ClInclude Include="src\Worm\Rendering\Camera.h">
      <Filter>src\Worm\Rendering</Filter>
    </ClInclude>
    <ClInclude Include="src\Worm\Rendering\Framebuffer.h">
      <Filter>src\Worm\Rendering</Filter>
    </ClInclude>
    <ClInclude Include="src\Worm\Rendering\OrthographicCamera.h">
      <Filter>src\Worm\Rendering</Filter>
    </ClInclude>
    <ClInclude Include="src\Worm\Rendering\RenderCommand.h">
      <Filter>src\Worm\Rendering</Filter>
    </ClInclude>
    <ClInclude Include="src\Worm\Rendering\RenderThread.h">
      <Filter>src\Worm\Rendering</Filter>
    </ClInclude>
    <ClInclude Include="src\Worm\Rendering\Renderer.h">
      <Filter>src\Worm\Rendering</Filter>
    </ClInclude>
    <ClInclude Include="src\Worm\Rendering\RenderingAPI.h">
      <Filter>src\Worm\Rendering</Filter>
    </ClInclude>
    <ClInclude Include="src\Worm\Rendering\RenderingAPIController.h">
      <Filter>src\Worm\Rendering</Filter>
    </ClInclude>
    <ClInclude Include="src\Worm\Rendering\RenderingBatch.h">
      <Filter>src\Worm\Rendering</Filter>
    </ClInclude>
    <ClInclude Include="src\Worm\Rendering\RenderingContext.h">
      <Filter>src\Worm\Rendering</Filter>
    </ClInclude>
    <ClInclude Include="src\Worm\Rendering\RenderingPrimitives.h">
      <Filter>src\Worm\Rendering</Filter>
    </ClInclude>
    <ClInclude Include="src\Worm\Rendering\Shader.h">
      <Filter>src\Worm\Rendering</Filter>
    </ClInclude>
    <ClInclude Include="src\Worm\Rendering\ShaderController.h">
      <Filter>src\Worm\Rendering</Filter>
    </ClInclude>
    <ClInclude Include="src\Worm\Rendering\ShaderTypes.h">
      <Filter>src\Worm\Rendering</Filter>
    </ClInclude>
    <ClInclude Include="src\Worm\Rendering\Texture.h">
      <Filter>src\Worm\Rendering</Filter>
    </ClInclude>
    <ClInclude Include="src\Worm\Rendering\UniformBuffer.h">
      <Filter>src\Worm\Rendering</Filter>
    </ClInclude>
    <ClInclude Include="src\Worm\Rendering\UniformTable.h">
      <Filter>src\Worm\Rendering</Filter>
    </ClInclude>
    <ClInclude Include="src\Worm\Rendering\VertexArray.h">
      <Filter>src\Worm\Rendering</Filter>
    </ClInclude>
    <ClInclude Include="src\wormpch.h">
      <Filter>src</Filter>
    </ClInclude>
  </ItemGroup>
  <ItemGroup>
    <ClCompile Include="src\Worm\Core\Application.cpp">
      <Filter>src\Worm\Core</Filter>
    </ClCompile>
    <ClCompile Include="src\Worm\Core\Layers\ImGuiBuild.cpp">
      <Filter>src\Worm\Core\Layers</Filter>
    </ClCompile>
    <ClCompile Include="src\Worm\Core\Layers\ImGuiLayer.cpp">
      <Filter>src\Worm\Core\Layers</Filter>
    </ClCompile>
    <ClCompile Include="src\Worm\Core\Log.cpp">
      <Filter>src\Worm\Core</Filter>
    </ClCompile>
    <ClCompile Include="src\Worm\Core\Window.cpp">
      <Filter>src\Worm\Core</Filter>
    </ClCompile>
    <ClCompile Include="src\Worm\Events\Event.cpp">
      <Filter>src\Worm\Events</Filter>
    </ClCompile>
    <ClCompile Include="src\Worm\Platform\OS\Windows\WindowsInput.cpp">
      <Filter>src\Worm\Platform\OS\Windows</Filter>
    </ClCompile>
    <ClCompile Include="src\Worm\Platform\OS\Windows\WindowsWindow.cpp">
      <Filter>src\Worm\Platform\OS\Windows</Filter>
    </ClCompile>
    <ClCompile Include="src\Worm\Platform\RenderingApi\OpenGL\OpenGLBuffers.cpp">
      <Filter>src\Worm\Platform\RenderingApi\OpenGL</Filter>
    </ClCompile>
    <ClCompile Include="src\Worm\Platform\RenderingApi\OpenGL\OpenGLRenderingAPI.cpp">
      <Filter>src\Worm\Platform\RenderingApi\OpenGL</Filter>
    </ClCompile>
    <ClCompile Include="src\Worm\Platform\RenderingApi\OpenGL\OpenGLRenderingContext.cpp">
      <Filter>src\Worm\Platform\RenderingApi\OpenGL</Filter>
    </ClCompile>
    <ClCompile Include="src\Worm\Platform\RenderingApi\OpenGL\OpenGLShader.cpp">
      <Filter>src\Worm\Platform\RenderingApi\OpenGL</Filter>
    </ClCompile>
    <ClCompile Include="src\Worm\Platform\RenderingApi\OpenGL\OpenGLTexture.cpp">
      <Filter>src\Worm\Platform\RenderingApi\OpenGL</Filter>
    </ClCompile>
    <ClCompile Include="src\Worm\Platform\RenderingApi\OpenGL\OpenGLUniformBuffer.cpp">
      <Filter>src\Worm\Platform\RenderingApi\OpenGL</Filter>
    </ClCompile>
    <ClCompile Include="src\Worm\Platform\RenderingApi\OpenGL\OpenGLVertexArray.cpp">
      <Filter>src\Worm\Platform\RenderingApi\OpenGL</Filter>
    </ClCompile>
    <ClCompile Include="src\Worm\Platform\RenderingApi\Vulkan\VulkanRenderingAPI.cpp">
      <Filter>src\Worm\Platform\RenderingApi\Vulkan</Filter>
    </ClCompile>
    <ClCompile Include="src\Worm\Rendering\Buffers.cpp">
      <Filter>src\Worm\Rendering</Filter>
    </ClCompile>
    <ClCompile Include="src\Worm\Rendering\OrthographicCamera.cpp">
      <Filter>src\Worm\Rendering</Filter>
    </ClCompile>
    <ClCompile Include="src\Worm\Rendering\RenderCommand.cpp">
      <Filter>src\Worm\Rendering</Filter>
    </ClCompile>
    <ClCompile Include="src\Worm\Rendering\Renderer.cpp">
      <Filter>src\Worm\Rendering</Filter>
    </ClCompile>
    <ClCompile Include="src\Worm\Rendering\RenderingAPIController.cpp">
      <Filter>src\Worm\Rendering</Filter>
    </ClCompile>
    <ClCompile Include="src\Worm\Rendering\RenderingBatch.cpp">
      <Filter>src\Worm\Rendering</Filter>
    </ClCompile>
    <ClCompile Include="src\Worm\Rendering\RenderingContext.cpp">
      <Filter>src\Worm\Rendering</Filter>
    </ClCompile>
    <ClCompile Include="src\Worm\Rendering\Shader.cpp">
      <Filter>src\Worm\Rendering</Filter>
    </ClCompile>
    <ClCompile Include="src\Worm\Rendering\Texture.cpp">
      <Filter>src\Worm\Rendering</Filter>
    </ClCompile>
    <ClCompile Include="src\Worm\Rendering\UniformBuffer.cpp">
      <Filter>src\Worm\Rendering</Filter>
    </ClCompile>
    <ClCompile Include="src\Worm\Rendering\VertexArray.cpp">
      <Filter>src\Worm\Rendering</Filter>
    </ClCompile>
    <ClCompile Include="src\wormpch.cpp">
      <Filter>src</Filter>
    </ClCompile>
    <ClCompile Include="vendor\stb_image\stb_image.cpp">
      <Filter>vendor\stb_image</Filter>
    </ClCompile>
  </ItemGroup>
</Project>